Microsoft Visual Studio Solution File, Format Version 12.00
# Visual Studio Version 16
VisualStudioVersion = 16.0.29920.165
MinimumVisualStudioVersion = 15.0.26124.0
Project("{9A19103F-16F7-4668-BE54-9A1E7A4F7556}") = "AdapterPattern", "AdapterPattern\AdapterPattern.csproj", "{79553F75-E8DC-4988-B511-A79CC6A9CDF7}"
EndProject
Project("{9A19103F-16F7-4668-BE54-9A1E7A4F7556}") = "CommandPattern", "CommandPattern\CommandPattern.csproj", "{AC6ED373-CE32-41E4-B38A-64B8700E46C9}"
EndProject
Project("{9A19103F-16F7-4668-BE54-9A1E7A4F7556}") = "CompositePattern", "CompositePattern\CompositePattern.csproj", "{21754CEF-8885-4EED-91AF-73FF2514553D}"
EndProject
Project("{9A19103F-16F7-4668-BE54-9A1E7A4F7556}") = "DecoratorPattern", "DecoratorPattern\DecoratorPattern.csproj", "{5F9D7DA1-FA5E-477C-87D7-2A131C99D090}"
EndProject
Project("{9A19103F-16F7-4668-BE54-9A1E7A4F7556}") = "FacadePattern", "FacadePattern\FacadePattern.csproj", "{CCDDFDE2-9958-476C-91DB-9F2907887ADE}"
EndProject
Project("{9A19103F-16F7-4668-BE54-9A1E7A4F7556}") = "IteratorPattern", "IteratorPattern\IteratorPattern.csproj", "{C50111DC-B037-4A4C-ACA1-5BDE93F7D42A}"
EndProject
Project("{9A19103F-16F7-4668-BE54-9A1E7A4F7556}") = "ObserverPattern", "ObserverPattern\ObserverPattern.csproj", "{DDE34459-B244-43F9-8DE2-8D1E70CB6609}"
EndProject
Project("{9A19103F-16F7-4668-BE54-9A1E7A4F7556}") = "SingletonPattern", "SingletonPattern\SingletonPattern.csproj", "{FA82E572-FC03-4C87-86FA-660AF06AA24A}"
EndProject
Project("{9A19103F-16F7-4668-BE54-9A1E7A4F7556}") = "StatePattern", "StatePattern\StatePattern.csproj", "{1C0A4103-B8E6-4AE1-88DA-B3EBC37B2441}"
EndProject
Project("{9A19103F-16F7-4668-BE54-9A1E7A4F7556}") = "StrategyPattern", "StrategyPattern\StrategyPattern.csproj", "{73D240B4-428D-4BC1-BC3C-C14D1D9D806E}"
EndProject
Project("{9A19103F-16F7-4668-BE54-9A1E7A4F7556}") = "TemplatePattern", "TemplatePattern\TemplatePattern.csproj", "{928CD7B2-BB6E-4E07-834E-67B20CA6D698}"
EndProject
Project("{9A19103F-16F7-4668-BE54-9A1E7A4F7556}") = "BridgePattern", "BridgePattern\BridgePattern.csproj", "{95E7F42A-74B9-4071-9A3C-86EF95A0EB1B}"
EndProject
Project("{9A19103F-16F7-4668-BE54-9A1E7A4F7556}") = "FlyweightPattern", "FlyweightPattern\FlyweightPattern.csproj", "{0067EFC3-FC8D-4F1A-AA92-12323CAD0200}"
EndProject
Project("{9A19103F-16F7-4668-BE54-9A1E7A4F7556}") = "VisitorPattern", "VisitorPattern\VisitorPattern.csproj", "{871F7BE0-B75F-4F9E-9C4D-CE9C4ECE7A88}"
EndProject
Project("{9A19103F-16F7-4668-BE54-9A1E7A4F7556}") = "FactoryPattern", "FactoryPattern\FactoryPattern.csproj", "{182B58DC-6787-4A09-8BCF-87A96737E5A6}"
EndProject
Project("{9A19103F-16F7-4668-BE54-9A1E7A4F7556}") = "PrototypePattern", "PrototypePattern\PrototypePattern.csproj", "{2DC00E3D-2099-4C58-B98F-B6B3F285739F}"
EndProject
Project("{9A19103F-16F7-4668-BE54-9A1E7A4F7556}") = "MediatorPattern", "MediatorPattern\MediatorPattern.csproj", "{82A66FF6-5D66-4E39-8FF8-C8EBA0EB3A2D}"
EndProject
Project("{9A19103F-16F7-4668-BE54-9A1E7A4F7556}") = "BuilderPattern", "BuilderPattern\BuilderPattern.csproj", "{274786D8-2E30-40D7-81B5-DFA3872CF9B6}"
EndProject
Global
	GlobalSection(SolutionConfigurationPlatforms) = preSolution
		Debug|Any CPU = Debug|Any CPU
		Debug|x64 = Debug|x64
		Debug|x86 = Debug|x86
		Release|Any CPU = Release|Any CPU
		Release|x64 = Release|x64
		Release|x86 = Release|x86
	EndGlobalSection
	GlobalSection(ProjectConfigurationPlatforms) = postSolution
		{79553F75-E8DC-4988-B511-A79CC6A9CDF7}.Debug|Any CPU.ActiveCfg = Debug|Any CPU
		{79553F75-E8DC-4988-B511-A79CC6A9CDF7}.Debug|Any CPU.Build.0 = Debug|Any CPU
		{79553F75-E8DC-4988-B511-A79CC6A9CDF7}.Debug|x64.ActiveCfg = Debug|Any CPU
		{79553F75-E8DC-4988-B511-A79CC6A9CDF7}.Debug|x64.Build.0 = Debug|Any CPU
		{79553F75-E8DC-4988-B511-A79CC6A9CDF7}.Debug|x86.ActiveCfg = Debug|Any CPU
		{79553F75-E8DC-4988-B511-A79CC6A9CDF7}.Debug|x86.Build.0 = Debug|Any CPU
		{79553F75-E8DC-4988-B511-A79CC6A9CDF7}.Release|Any CPU.ActiveCfg = Release|Any CPU
		{79553F75-E8DC-4988-B511-A79CC6A9CDF7}.Release|Any CPU.Build.0 = Release|Any CPU
		{79553F75-E8DC-4988-B511-A79CC6A9CDF7}.Release|x64.ActiveCfg = Release|Any CPU
		{79553F75-E8DC-4988-B511-A79CC6A9CDF7}.Release|x64.Build.0 = Release|Any CPU
		{79553F75-E8DC-4988-B511-A79CC6A9CDF7}.Release|x86.ActiveCfg = Release|Any CPU
		{79553F75-E8DC-4988-B511-A79CC6A9CDF7}.Release|x86.Build.0 = Release|Any CPU
		{AC6ED373-CE32-41E4-B38A-64B8700E46C9}.Debug|Any CPU.ActiveCfg = Debug|Any CPU
		{AC6ED373-CE32-41E4-B38A-64B8700E46C9}.Debug|Any CPU.Build.0 = Debug|Any CPU
		{AC6ED373-CE32-41E4-B38A-64B8700E46C9}.Debug|x64.ActiveCfg = Debug|Any CPU
		{AC6ED373-CE32-41E4-B38A-64B8700E46C9}.Debug|x64.Build.0 = Debug|Any CPU
		{AC6ED373-CE32-41E4-B38A-64B8700E46C9}.Debug|x86.ActiveCfg = Debug|Any CPU
		{AC6ED373-CE32-41E4-B38A-64B8700E46C9}.Debug|x86.Build.0 = Debug|Any CPU
		{AC6ED373-CE32-41E4-B38A-64B8700E46C9}.Release|Any CPU.ActiveCfg = Release|Any CPU
		{AC6ED373-CE32-41E4-B38A-64B8700E46C9}.Release|Any CPU.Build.0 = Release|Any CPU
		{AC6ED373-CE32-41E4-B38A-64B8700E46C9}.Release|x64.ActiveCfg = Release|Any CPU
		{AC6ED373-CE32-41E4-B38A-64B8700E46C9}.Release|x64.Build.0 = Release|Any CPU
		{AC6ED373-CE32-41E4-B38A-64B8700E46C9}.Release|x86.ActiveCfg = Release|Any CPU
		{AC6ED373-CE32-41E4-B38A-64B8700E46C9}.Release|x86.Build.0 = Release|Any CPU
		{21754CEF-8885-4EED-91AF-73FF2514553D}.Debug|Any CPU.ActiveCfg = Debug|Any CPU
		{21754CEF-8885-4EED-91AF-73FF2514553D}.Debug|Any CPU.Build.0 = Debug|Any CPU
		{21754CEF-8885-4EED-91AF-73FF2514553D}.Debug|x64.ActiveCfg = Debug|Any CPU
		{21754CEF-8885-4EED-91AF-73FF2514553D}.Debug|x64.Build.0 = Debug|Any CPU
		{21754CEF-8885-4EED-91AF-73FF2514553D}.Debug|x86.ActiveCfg = Debug|Any CPU
		{21754CEF-8885-4EED-91AF-73FF2514553D}.Debug|x86.Build.0 = Debug|Any CPU
		{21754CEF-8885-4EED-91AF-73FF2514553D}.Release|Any CPU.ActiveCfg = Release|Any CPU
		{21754CEF-8885-4EED-91AF-73FF2514553D}.Release|Any CPU.Build.0 = Release|Any CPU
		{21754CEF-8885-4EED-91AF-73FF2514553D}.Release|x64.ActiveCfg = Release|Any CPU
		{21754CEF-8885-4EED-91AF-73FF2514553D}.Release|x64.Build.0 = Release|Any CPU
		{21754CEF-8885-4EED-91AF-73FF2514553D}.Release|x86.ActiveCfg = Release|Any CPU
		{21754CEF-8885-4EED-91AF-73FF2514553D}.Release|x86.Build.0 = Release|Any CPU
		{5F9D7DA1-FA5E-477C-87D7-2A131C99D090}.Debug|Any CPU.ActiveCfg = Debug|Any CPU
		{5F9D7DA1-FA5E-477C-87D7-2A131C99D090}.Debug|Any CPU.Build.0 = Debug|Any CPU
		{5F9D7DA1-FA5E-477C-87D7-2A131C99D090}.Debug|x64.ActiveCfg = Debug|Any CPU
		{5F9D7DA1-FA5E-477C-87D7-2A131C99D090}.Debug|x64.Build.0 = Debug|Any CPU
		{5F9D7DA1-FA5E-477C-87D7-2A131C99D090}.Debug|x86.ActiveCfg = Debug|Any CPU
		{5F9D7DA1-FA5E-477C-87D7-2A131C99D090}.Debug|x86.Build.0 = Debug|Any CPU
		{5F9D7DA1-FA5E-477C-87D7-2A131C99D090}.Release|Any CPU.ActiveCfg = Release|Any CPU
		{5F9D7DA1-FA5E-477C-87D7-2A131C99D090}.Release|Any CPU.Build.0 = Release|Any CPU
		{5F9D7DA1-FA5E-477C-87D7-2A131C99D090}.Release|x64.ActiveCfg = Release|Any CPU
		{5F9D7DA1-FA5E-477C-87D7-2A131C99D090}.Release|x64.Build.0 = Release|Any CPU
		{5F9D7DA1-FA5E-477C-87D7-2A131C99D090}.Release|x86.ActiveCfg = Release|Any CPU
		{5F9D7DA1-FA5E-477C-87D7-2A131C99D090}.Release|x86.Build.0 = Release|Any CPU
		{CCDDFDE2-9958-476C-91DB-9F2907887ADE}.Debug|Any CPU.ActiveCfg = Debug|Any CPU
		{CCDDFDE2-9958-476C-91DB-9F2907887ADE}.Debug|Any CPU.Build.0 = Debug|Any CPU
		{CCDDFDE2-9958-476C-91DB-9F2907887ADE}.Debug|x64.ActiveCfg = Debug|Any CPU
		{CCDDFDE2-9958-476C-91DB-9F2907887ADE}.Debug|x64.Build.0 = Debug|Any CPU
		{CCDDFDE2-9958-476C-91DB-9F2907887ADE}.Debug|x86.ActiveCfg = Debug|Any CPU
		{CCDDFDE2-9958-476C-91DB-9F2907887ADE}.Debug|x86.Build.0 = Debug|Any CPU
		{CCDDFDE2-9958-476C-91DB-9F2907887ADE}.Release|Any CPU.ActiveCfg = Release|Any CPU
		{CCDDFDE2-9958-476C-91DB-9F2907887ADE}.Release|Any CPU.Build.0 = Release|Any CPU
		{CCDDFDE2-9958-476C-91DB-9F2907887ADE}.Release|x64.ActiveCfg = Release|Any CPU
		{CCDDFDE2-9958-476C-91DB-9F2907887ADE}.Release|x64.Build.0 = Release|Any CPU
		{CCDDFDE2-9958-476C-91DB-9F2907887ADE}.Release|x86.ActiveCfg = Release|Any CPU
		{CCDDFDE2-9958-476C-91DB-9F2907887ADE}.Release|x86.Build.0 = Release|Any CPU
		{C50111DC-B037-4A4C-ACA1-5BDE93F7D42A}.Debug|Any CPU.ActiveCfg = Debug|Any CPU
		{C50111DC-B037-4A4C-ACA1-5BDE93F7D42A}.Debug|Any CPU.Build.0 = Debug|Any CPU
		{C50111DC-B037-4A4C-ACA1-5BDE93F7D42A}.Debug|x64.ActiveCfg = Debug|Any CPU
		{C50111DC-B037-4A4C-ACA1-5BDE93F7D42A}.Debug|x64.Build.0 = Debug|Any CPU
		{C50111DC-B037-4A4C-ACA1-5BDE93F7D42A}.Debug|x86.ActiveCfg = Debug|Any CPU
		{C50111DC-B037-4A4C-ACA1-5BDE93F7D42A}.Debug|x86.Build.0 = Debug|Any CPU
		{C50111DC-B037-4A4C-ACA1-5BDE93F7D42A}.Release|Any CPU.ActiveCfg = Release|Any CPU
		{C50111DC-B037-4A4C-ACA1-5BDE93F7D42A}.Release|Any CPU.Build.0 = Release|Any CPU
		{C50111DC-B037-4A4C-ACA1-5BDE93F7D42A}.Release|x64.ActiveCfg = Release|Any CPU
		{C50111DC-B037-4A4C-ACA1-5BDE93F7D42A}.Release|x64.Build.0 = Release|Any CPU
		{C50111DC-B037-4A4C-ACA1-5BDE93F7D42A}.Release|x86.ActiveCfg = Release|Any CPU
		{C50111DC-B037-4A4C-ACA1-5BDE93F7D42A}.Release|x86.Build.0 = Release|Any CPU
		{DDE34459-B244-43F9-8DE2-8D1E70CB6609}.Debug|Any CPU.ActiveCfg = Debug|Any CPU
		{DDE34459-B244-43F9-8DE2-8D1E70CB6609}.Debug|Any CPU.Build.0 = Debug|Any CPU
		{DDE34459-B244-43F9-8DE2-8D1E70CB6609}.Debug|x64.ActiveCfg = Debug|Any CPU
		{DDE34459-B244-43F9-8DE2-8D1E70CB6609}.Debug|x64.Build.0 = Debug|Any CPU
		{DDE34459-B244-43F9-8DE2-8D1E70CB6609}.Debug|x86.ActiveCfg = Debug|Any CPU
		{DDE34459-B244-43F9-8DE2-8D1E70CB6609}.Debug|x86.Build.0 = Debug|Any CPU
		{DDE34459-B244-43F9-8DE2-8D1E70CB6609}.Release|Any CPU.ActiveCfg = Release|Any CPU
		{DDE34459-B244-43F9-8DE2-8D1E70CB6609}.Release|Any CPU.Build.0 = Release|Any CPU
		{DDE34459-B244-43F9-8DE2-8D1E70CB6609}.Release|x64.ActiveCfg = Release|Any CPU
		{DDE34459-B244-43F9-8DE2-8D1E70CB6609}.Release|x64.Build.0 = Release|Any CPU
		{DDE34459-B244-43F9-8DE2-8D1E70CB6609}.Release|x86.ActiveCfg = Release|Any CPU
		{DDE34459-B244-43F9-8DE2-8D1E70CB6609}.Release|x86.Build.0 = Release|Any CPU
		{FA82E572-FC03-4C87-86FA-660AF06AA24A}.Debug|Any CPU.ActiveCfg = Debug|Any CPU
		{FA82E572-FC03-4C87-86FA-660AF06AA24A}.Debug|Any CPU.Build.0 = Debug|Any CPU
		{FA82E572-FC03-4C87-86FA-660AF06AA24A}.Debug|x64.ActiveCfg = Debug|Any CPU
		{FA82E572-FC03-4C87-86FA-660AF06AA24A}.Debug|x64.Build.0 = Debug|Any CPU
		{FA82E572-FC03-4C87-86FA-660AF06AA24A}.Debug|x86.ActiveCfg = Debug|Any CPU
		{FA82E572-FC03-4C87-86FA-660AF06AA24A}.Debug|x86.Build.0 = Debug|Any CPU
		{FA82E572-FC03-4C87-86FA-660AF06AA24A}.Release|Any CPU.ActiveCfg = Release|Any CPU
		{FA82E572-FC03-4C87-86FA-660AF06AA24A}.Release|Any CPU.Build.0 = Release|Any CPU
		{FA82E572-FC03-4C87-86FA-660AF06AA24A}.Release|x64.ActiveCfg = Release|Any CPU
		{FA82E572-FC03-4C87-86FA-660AF06AA24A}.Release|x64.Build.0 = Release|Any CPU
		{FA82E572-FC03-4C87-86FA-660AF06AA24A}.Release|x86.ActiveCfg = Release|Any CPU
		{FA82E572-FC03-4C87-86FA-660AF06AA24A}.Release|x86.Build.0 = Release|Any CPU
		{1C0A4103-B8E6-4AE1-88DA-B3EBC37B2441}.Debug|Any CPU.ActiveCfg = Debug|Any CPU
		{1C0A4103-B8E6-4AE1-88DA-B3EBC37B2441}.Debug|Any CPU.Build.0 = Debug|Any CPU
		{1C0A4103-B8E6-4AE1-88DA-B3EBC37B2441}.Debug|x64.ActiveCfg = Debug|Any CPU
		{1C0A4103-B8E6-4AE1-88DA-B3EBC37B2441}.Debug|x64.Build.0 = Debug|Any CPU
		{1C0A4103-B8E6-4AE1-88DA-B3EBC37B2441}.Debug|x86.ActiveCfg = Debug|Any CPU
		{1C0A4103-B8E6-4AE1-88DA-B3EBC37B2441}.Debug|x86.Build.0 = Debug|Any CPU
		{1C0A4103-B8E6-4AE1-88DA-B3EBC37B2441}.Release|Any CPU.ActiveCfg = Release|Any CPU
		{1C0A4103-B8E6-4AE1-88DA-B3EBC37B2441}.Release|Any CPU.Build.0 = Release|Any CPU
		{1C0A4103-B8E6-4AE1-88DA-B3EBC37B2441}.Release|x64.ActiveCfg = Release|Any CPU
		{1C0A4103-B8E6-4AE1-88DA-B3EBC37B2441}.Release|x64.Build.0 = Release|Any CPU
		{1C0A4103-B8E6-4AE1-88DA-B3EBC37B2441}.Release|x86.ActiveCfg = Release|Any CPU
		{1C0A4103-B8E6-4AE1-88DA-B3EBC37B2441}.Release|x86.Build.0 = Release|Any CPU
		{73D240B4-428D-4BC1-BC3C-C14D1D9D806E}.Debug|Any CPU.ActiveCfg = Debug|Any CPU
		{73D240B4-428D-4BC1-BC3C-C14D1D9D806E}.Debug|Any CPU.Build.0 = Debug|Any CPU
		{73D240B4-428D-4BC1-BC3C-C14D1D9D806E}.Debug|x64.ActiveCfg = Debug|Any CPU
		{73D240B4-428D-4BC1-BC3C-C14D1D9D806E}.Debug|x64.Build.0 = Debug|Any CPU
		{73D240B4-428D-4BC1-BC3C-C14D1D9D806E}.Debug|x86.ActiveCfg = Debug|Any CPU
		{73D240B4-428D-4BC1-BC3C-C14D1D9D806E}.Debug|x86.Build.0 = Debug|Any CPU
		{73D240B4-428D-4BC1-BC3C-C14D1D9D806E}.Release|Any CPU.ActiveCfg = Release|Any CPU
		{73D240B4-428D-4BC1-BC3C-C14D1D9D806E}.Release|Any CPU.Build.0 = Release|Any CPU
		{73D240B4-428D-4BC1-BC3C-C14D1D9D806E}.Release|x64.ActiveCfg = Release|Any CPU
		{73D240B4-428D-4BC1-BC3C-C14D1D9D806E}.Release|x64.Build.0 = Release|Any CPU
		{73D240B4-428D-4BC1-BC3C-C14D1D9D806E}.Release|x86.ActiveCfg = Release|Any CPU
		{73D240B4-428D-4BC1-BC3C-C14D1D9D806E}.Release|x86.Build.0 = Release|Any CPU
		{928CD7B2-BB6E-4E07-834E-67B20CA6D698}.Debug|Any CPU.ActiveCfg = Debug|Any CPU
		{928CD7B2-BB6E-4E07-834E-67B20CA6D698}.Debug|Any CPU.Build.0 = Debug|Any CPU
		{928CD7B2-BB6E-4E07-834E-67B20CA6D698}.Debug|x64.ActiveCfg = Debug|Any CPU
		{928CD7B2-BB6E-4E07-834E-67B20CA6D698}.Debug|x64.Build.0 = Debug|Any CPU
		{928CD7B2-BB6E-4E07-834E-67B20CA6D698}.Debug|x86.ActiveCfg = Debug|Any CPU
		{928CD7B2-BB6E-4E07-834E-67B20CA6D698}.Debug|x86.Build.0 = Debug|Any CPU
		{928CD7B2-BB6E-4E07-834E-67B20CA6D698}.Release|Any CPU.ActiveCfg = Release|Any CPU
		{928CD7B2-BB6E-4E07-834E-67B20CA6D698}.Release|Any CPU.Build.0 = Release|Any CPU
		{928CD7B2-BB6E-4E07-834E-67B20CA6D698}.Release|x64.ActiveCfg = Release|Any CPU
		{928CD7B2-BB6E-4E07-834E-67B20CA6D698}.Release|x64.Build.0 = Release|Any CPU
		{928CD7B2-BB6E-4E07-834E-67B20CA6D698}.Release|x86.ActiveCfg = Release|Any CPU
		{928CD7B2-BB6E-4E07-834E-67B20CA6D698}.Release|x86.Build.0 = Release|Any CPU
		{95E7F42A-74B9-4071-9A3C-86EF95A0EB1B}.Debug|Any CPU.ActiveCfg = Debug|Any CPU
		{95E7F42A-74B9-4071-9A3C-86EF95A0EB1B}.Debug|Any CPU.Build.0 = Debug|Any CPU
		{95E7F42A-74B9-4071-9A3C-86EF95A0EB1B}.Debug|x64.ActiveCfg = Debug|Any CPU
		{95E7F42A-74B9-4071-9A3C-86EF95A0EB1B}.Debug|x64.Build.0 = Debug|Any CPU
		{95E7F42A-74B9-4071-9A3C-86EF95A0EB1B}.Debug|x86.ActiveCfg = Debug|Any CPU
		{95E7F42A-74B9-4071-9A3C-86EF95A0EB1B}.Debug|x86.Build.0 = Debug|Any CPU
		{95E7F42A-74B9-4071-9A3C-86EF95A0EB1B}.Release|Any CPU.ActiveCfg = Release|Any CPU
		{95E7F42A-74B9-4071-9A3C-86EF95A0EB1B}.Release|Any CPU.Build.0 = Release|Any CPU
		{95E7F42A-74B9-4071-9A3C-86EF95A0EB1B}.Release|x64.ActiveCfg = Release|Any CPU
		{95E7F42A-74B9-4071-9A3C-86EF95A0EB1B}.Release|x64.Build.0 = Release|Any CPU
		{95E7F42A-74B9-4071-9A3C-86EF95A0EB1B}.Release|x86.ActiveCfg = Release|Any CPU
		{95E7F42A-74B9-4071-9A3C-86EF95A0EB1B}.Release|x86.Build.0 = Release|Any CPU
		{0067EFC3-FC8D-4F1A-AA92-12323CAD0200}.Debug|Any CPU.ActiveCfg = Debug|Any CPU
		{0067EFC3-FC8D-4F1A-AA92-12323CAD0200}.Debug|Any CPU.Build.0 = Debug|Any CPU
		{0067EFC3-FC8D-4F1A-AA92-12323CAD0200}.Debug|x64.ActiveCfg = Debug|Any CPU
		{0067EFC3-FC8D-4F1A-AA92-12323CAD0200}.Debug|x64.Build.0 = Debug|Any CPU
		{0067EFC3-FC8D-4F1A-AA92-12323CAD0200}.Debug|x86.ActiveCfg = Debug|Any CPU
		{0067EFC3-FC8D-4F1A-AA92-12323CAD0200}.Debug|x86.Build.0 = Debug|Any CPU
		{0067EFC3-FC8D-4F1A-AA92-12323CAD0200}.Release|Any CPU.ActiveCfg = Release|Any CPU
		{0067EFC3-FC8D-4F1A-AA92-12323CAD0200}.Release|Any CPU.Build.0 = Release|Any CPU
		{0067EFC3-FC8D-4F1A-AA92-12323CAD0200}.Release|x64.ActiveCfg = Release|Any CPU
		{0067EFC3-FC8D-4F1A-AA92-12323CAD0200}.Release|x64.Build.0 = Release|Any CPU
		{0067EFC3-FC8D-4F1A-AA92-12323CAD0200}.Release|x86.ActiveCfg = Release|Any CPU
		{0067EFC3-FC8D-4F1A-AA92-12323CAD0200}.Release|x86.Build.0 = Release|Any CPU
		{871F7BE0-B75F-4F9E-9C4D-CE9C4ECE7A88}.Debug|Any CPU.ActiveCfg = Debug|Any CPU
		{871F7BE0-B75F-4F9E-9C4D-CE9C4ECE7A88}.Debug|Any CPU.Build.0 = Debug|Any CPU
		{871F7BE0-B75F-4F9E-9C4D-CE9C4ECE7A88}.Debug|x64.ActiveCfg = Debug|Any CPU
		{871F7BE0-B75F-4F9E-9C4D-CE9C4ECE7A88}.Debug|x64.Build.0 = Debug|Any CPU
		{871F7BE0-B75F-4F9E-9C4D-CE9C4ECE7A88}.Debug|x86.ActiveCfg = Debug|Any CPU
		{871F7BE0-B75F-4F9E-9C4D-CE9C4ECE7A88}.Debug|x86.Build.0 = Debug|Any CPU
		{871F7BE0-B75F-4F9E-9C4D-CE9C4ECE7A88}.Release|Any CPU.ActiveCfg = Release|Any CPU
		{871F7BE0-B75F-4F9E-9C4D-CE9C4ECE7A88}.Release|Any CPU.Build.0 = Release|Any CPU
		{871F7BE0-B75F-4F9E-9C4D-CE9C4ECE7A88}.Release|x64.ActiveCfg = Release|Any CPU
		{871F7BE0-B75F-4F9E-9C4D-CE9C4ECE7A88}.Release|x64.Build.0 = Release|Any CPU
		{871F7BE0-B75F-4F9E-9C4D-CE9C4ECE7A88}.Release|x86.ActiveCfg = Release|Any CPU
		{871F7BE0-B75F-4F9E-9C4D-CE9C4ECE7A88}.Release|x86.Build.0 = Release|Any CPU
		{182B58DC-6787-4A09-8BCF-87A96737E5A6}.Debug|Any CPU.ActiveCfg = Debug|Any CPU
		{182B58DC-6787-4A09-8BCF-87A96737E5A6}.Debug|Any CPU.Build.0 = Debug|Any CPU
		{182B58DC-6787-4A09-8BCF-87A96737E5A6}.Debug|x64.ActiveCfg = Debug|Any CPU
		{182B58DC-6787-4A09-8BCF-87A96737E5A6}.Debug|x64.Build.0 = Debug|Any CPU
		{182B58DC-6787-4A09-8BCF-87A96737E5A6}.Debug|x86.ActiveCfg = Debug|Any CPU
		{182B58DC-6787-4A09-8BCF-87A96737E5A6}.Debug|x86.Build.0 = Debug|Any CPU
		{182B58DC-6787-4A09-8BCF-87A96737E5A6}.Release|Any CPU.ActiveCfg = Release|Any CPU
		{182B58DC-6787-4A09-8BCF-87A96737E5A6}.Release|Any CPU.Build.0 = Release|Any CPU
		{182B58DC-6787-4A09-8BCF-87A96737E5A6}.Release|x64.ActiveCfg = Release|Any CPU
		{182B58DC-6787-4A09-8BCF-87A96737E5A6}.Release|x64.Build.0 = Release|Any CPU
		{182B58DC-6787-4A09-8BCF-87A96737E5A6}.Release|x86.ActiveCfg = Release|Any CPU
		{182B58DC-6787-4A09-8BCF-87A96737E5A6}.Release|x86.Build.0 = Release|Any CPU
		{2DC00E3D-2099-4C58-B98F-B6B3F285739F}.Debug|Any CPU.ActiveCfg = Debug|Any CPU
		{2DC00E3D-2099-4C58-B98F-B6B3F285739F}.Debug|Any CPU.Build.0 = Debug|Any CPU
		{2DC00E3D-2099-4C58-B98F-B6B3F285739F}.Debug|x64.ActiveCfg = Debug|Any CPU
		{2DC00E3D-2099-4C58-B98F-B6B3F285739F}.Debug|x64.Build.0 = Debug|Any CPU
		{2DC00E3D-2099-4C58-B98F-B6B3F285739F}.Debug|x86.ActiveCfg = Debug|Any CPU
		{2DC00E3D-2099-4C58-B98F-B6B3F285739F}.Debug|x86.Build.0 = Debug|Any CPU
		{2DC00E3D-2099-4C58-B98F-B6B3F285739F}.Release|Any CPU.ActiveCfg = Release|Any CPU
		{2DC00E3D-2099-4C58-B98F-B6B3F285739F}.Release|Any CPU.Build.0 = Release|Any CPU
		{2DC00E3D-2099-4C58-B98F-B6B3F285739F}.Release|x64.ActiveCfg = Release|Any CPU
		{2DC00E3D-2099-4C58-B98F-B6B3F285739F}.Release|x64.Build.0 = Release|Any CPU
		{2DC00E3D-2099-4C58-B98F-B6B3F285739F}.Release|x86.ActiveCfg = Release|Any CPU
		{2DC00E3D-2099-4C58-B98F-B6B3F285739F}.Release|x86.Build.0 = Release|Any CPU
		{82A66FF6-5D66-4E39-8FF8-C8EBA0EB3A2D}.Debug|Any CPU.ActiveCfg = Debug|Any CPU
		{82A66FF6-5D66-4E39-8FF8-C8EBA0EB3A2D}.Debug|Any CPU.Build.0 = Debug|Any CPU
		{82A66FF6-5D66-4E39-8FF8-C8EBA0EB3A2D}.Debug|x64.ActiveCfg = Debug|Any CPU
		{82A66FF6-5D66-4E39-8FF8-C8EBA0EB3A2D}.Debug|x64.Build.0 = Debug|Any CPU
		{82A66FF6-5D66-4E39-8FF8-C8EBA0EB3A2D}.Debug|x86.ActiveCfg = Debug|Any CPU
		{82A66FF6-5D66-4E39-8FF8-C8EBA0EB3A2D}.Debug|x86.Build.0 = Debug|Any CPU
		{82A66FF6-5D66-4E39-8FF8-C8EBA0EB3A2D}.Release|Any CPU.ActiveCfg = Release|Any CPU
		{82A66FF6-5D66-4E39-8FF8-C8EBA0EB3A2D}.Release|Any CPU.Build.0 = Release|Any CPU
		{82A66FF6-5D66-4E39-8FF8-C8EBA0EB3A2D}.Release|x64.ActiveCfg = Release|Any CPU
		{82A66FF6-5D66-4E39-8FF8-C8EBA0EB3A2D}.Release|x64.Build.0 = Release|Any CPU
		{82A66FF6-5D66-4E39-8FF8-C8EBA0EB3A2D}.Release|x86.ActiveCfg = Release|Any CPU
		{82A66FF6-5D66-4E39-8FF8-C8EBA0EB3A2D}.Release|x86.Build.0 = Release|Any CPU
		{274786D8-2E30-40D7-81B5-DFA3872CF9B6}.Debug|Any CPU.ActiveCfg = Debug|Any CPU
		{274786D8-2E30-40D7-81B5-DFA3872CF9B6}.Debug|Any CPU.Build.0 = Debug|Any CPU
		{274786D8-2E30-40D7-81B5-DFA3872CF9B6}.Debug|x64.ActiveCfg = Debug|Any CPU
		{274786D8-2E30-40D7-81B5-DFA3872CF9B6}.Debug|x64.Build.0 = Debug|Any CPU
		{274786D8-2E30-40D7-81B5-DFA3872CF9B6}.Debug|x86.ActiveCfg = Debug|Any CPU
		{274786D8-2E30-40D7-81B5-DFA3872CF9B6}.Debug|x86.Build.0 = Debug|Any CPU
		{274786D8-2E30-40D7-81B5-DFA3872CF9B6}.Release|Any CPU.ActiveCfg = Release|Any CPU
		{274786D8-2E30-40D7-81B5-DFA3872CF9B6}.Release|Any CPU.Build.0 = Release|Any CPU
		{274786D8-2E30-40D7-81B5-DFA3872CF9B6}.Release|x64.ActiveCfg = Release|Any CPU
		{274786D8-2E30-40D7-81B5-DFA3872CF9B6}.Release|x64.Build.0 = Release|Any CPU
		{274786D8-2E30-40D7-81B5-DFA3872CF9B6}.Release|x86.ActiveCfg = Release|Any CPU
		{274786D8-2E30-40D7-81B5-DFA3872CF9B6}.Release|x86.Build.0 = Release|Any CPU
	EndGlobalSection
	GlobalSection(SolutionProperties) = preSolution
		HideSolutionNode = FALSE
	EndGlobalSection
	GlobalSection(ExtensibilityGlobals) = postSolution
		SolutionGuid = {A3449832-9F8D-413F-8336-8EBEEB77353B}
	EndGlobalSection
EndGlobal
