
Microsoft Visual Studio Solution File, Format Version 12.00
# Visual Studio 15
VisualStudioVersion = 15.0.26228.10
MinimumVisualStudioVersion = 10.0.40219.1
Project("{FAE04EC0-301F-11D3-BF4B-00C04F79EFBC}") = "ObserverPattern", "ObserverPattern\ObserverPattern.csproj", "{678581C4-15DC-4A01-93CD-76ACBD5B7462}"
EndProject
Project("{FAE04EC0-301F-11D3-BF4B-00C04F79EFBC}") = "StrategyPattern", "StrategyPattern\StrategyPattern.csproj", "{1F52949E-3569-44EC-8C1C-870D5B263694}"
EndProject
Project("{FAE04EC0-301F-11D3-BF4B-00C04F79EFBC}") = "DecoratorPattern", "DecoratorPattern\DecoratorPattern.csproj", "{6E63BDD0-01A4-4A88-8A89-9B45D51B526D}"
EndProject
Project("{FAE04EC0-301F-11D3-BF4B-00C04F79EFBC}") = "FactoryPattern", "FactoryPattern\FactoryPattern.csproj", "{D154B3A3-1C97-4B70-AD4F-DC4DB8F52300}"
EndProject
Project("{FAE04EC0-301F-11D3-BF4B-00C04F79EFBC}") = "SingletonPattern", "SingletonPattern\SingletonPattern.csproj", "{DF749AC5-3277-45B6-B39E-61E7D842B1BA}"
EndProject
Project("{FAE04EC0-301F-11D3-BF4B-00C04F79EFBC}") = "CommandPattern", "CommandPattern\CommandPattern.csproj", "{8F58357D-C54F-4C07-A951-8A93B0520187}"
EndProject
Project("{FAE04EC0-301F-11D3-BF4B-00C04F79EFBC}") = "AdapterPattern", "AdapterPattern\AdapterPattern.csproj", "{68B119D1-3527-4356-946F-CEA179084C91}"
EndProject
Project("{FAE04EC0-301F-11D3-BF4B-00C04F79EFBC}") = "FacadePattern", "FacadePattern\FacadePattern.csproj", "{C5CB5821-CC3B-4440-9CB9-A571A5D7B872}"
EndProject
Project("{FAE04EC0-301F-11D3-BF4B-00C04F79EFBC}") = "TemplatePattern", "TemplatePattern\TemplatePattern.csproj", "{FCE8A301-EE20-42DB-82DD-47AB0B569BC9}"
EndProject
Project("{FAE04EC0-301F-11D3-BF4B-00C04F79EFBC}") = "IteratorPattern", "IteratorPattern\IteratorPattern.csproj", "{A3B8C12F-5DAC-4CEA-B039-C2CBD7A5C9AD}"
EndProject
Project("{FAE04EC0-301F-11D3-BF4B-00C04F79EFBC}") = "CompositePattern", "CompositePattern\CompositePattern.csproj", "{0D5AA731-03F0-4CF6-AEA3-254F06472911}"
EndProject
Project("{FAE04EC0-301F-11D3-BF4B-00C04F79EFBC}") = "StatePattern", "StatePattern\StatePattern.csproj", "{974FE8E8-7379-4DCC-9D4F-763D60F5E708}"
EndProject
Global
	GlobalSection(SolutionConfigurationPlatforms) = preSolution
		Debug|Any CPU = Debug|Any CPU
		Release|Any CPU = Release|Any CPU
	EndGlobalSection
	GlobalSection(ProjectConfigurationPlatforms) = postSolution
		{678581C4-15DC-4A01-93CD-76ACBD5B7462}.Debug|Any CPU.ActiveCfg = Debug|Any CPU
		{678581C4-15DC-4A01-93CD-76ACBD5B7462}.Debug|Any CPU.Build.0 = Debug|Any CPU
		{678581C4-15DC-4A01-93CD-76ACBD5B7462}.Release|Any CPU.ActiveCfg = Release|Any CPU
		{678581C4-15DC-4A01-93CD-76ACBD5B7462}.Release|Any CPU.Build.0 = Release|Any CPU
		{1F52949E-3569-44EC-8C1C-870D5B263694}.Debug|Any CPU.ActiveCfg = Debug|Any CPU
		{1F52949E-3569-44EC-8C1C-870D5B263694}.Debug|Any CPU.Build.0 = Debug|Any CPU
		{1F52949E-3569-44EC-8C1C-870D5B263694}.Release|Any CPU.ActiveCfg = Release|Any CPU
		{1F52949E-3569-44EC-8C1C-870D5B263694}.Release|Any CPU.Build.0 = Release|Any CPU
		{6E63BDD0-01A4-4A88-8A89-9B45D51B526D}.Debug|Any CPU.ActiveCfg = Debug|Any CPU
		{6E63BDD0-01A4-4A88-8A89-9B45D51B526D}.Debug|Any CPU.Build.0 = Debug|Any CPU
		{6E63BDD0-01A4-4A88-8A89-9B45D51B526D}.Release|Any CPU.ActiveCfg = Release|Any CPU
		{6E63BDD0-01A4-4A88-8A89-9B45D51B526D}.Release|Any CPU.Build.0 = Release|Any CPU
		{D154B3A3-1C97-4B70-AD4F-DC4DB8F52300}.Debug|Any CPU.ActiveCfg = Debug|Any CPU
		{D154B3A3-1C97-4B70-AD4F-DC4DB8F52300}.Debug|Any CPU.Build.0 = Debug|Any CPU
		{D154B3A3-1C97-4B70-AD4F-DC4DB8F52300}.Release|Any CPU.ActiveCfg = Release|Any CPU
		{D154B3A3-1C97-4B70-AD4F-DC4DB8F52300}.Release|Any CPU.Build.0 = Release|Any CPU
		{DF749AC5-3277-45B6-B39E-61E7D842B1BA}.Debug|Any CPU.ActiveCfg = Debug|Any CPU
		{DF749AC5-3277-45B6-B39E-61E7D842B1BA}.Debug|Any CPU.Build.0 = Debug|Any CPU
		{DF749AC5-3277-45B6-B39E-61E7D842B1BA}.Release|Any CPU.ActiveCfg = Release|Any CPU
		{DF749AC5-3277-45B6-B39E-61E7D842B1BA}.Release|Any CPU.Build.0 = Release|Any CPU
		{8F58357D-C54F-4C07-A951-8A93B0520187}.Debug|Any CPU.ActiveCfg = Debug|Any CPU
		{8F58357D-C54F-4C07-A951-8A93B0520187}.Debug|Any CPU.Build.0 = Debug|Any CPU
		{8F58357D-C54F-4C07-A951-8A93B0520187}.Release|Any CPU.ActiveCfg = Release|Any CPU
		{8F58357D-C54F-4C07-A951-8A93B0520187}.Release|Any CPU.Build.0 = Release|Any CPU
		{68B119D1-3527-4356-946F-CEA179084C91}.Debug|Any CPU.ActiveCfg = Debug|Any CPU
		{68B119D1-3527-4356-946F-CEA179084C91}.Debug|Any CPU.Build.0 = Debug|Any CPU
		{68B119D1-3527-4356-946F-CEA179084C91}.Release|Any CPU.ActiveCfg = Release|Any CPU
		{68B119D1-3527-4356-946F-CEA179084C91}.Release|Any CPU.Build.0 = Release|Any CPU
		{C5CB5821-CC3B-4440-9CB9-A571A5D7B872}.Debug|Any CPU.ActiveCfg = Debug|Any CPU
		{C5CB5821-CC3B-4440-9CB9-A571A5D7B872}.Debug|Any CPU.Build.0 = Debug|Any CPU
		{C5CB5821-CC3B-4440-9CB9-A571A5D7B872}.Release|Any CPU.ActiveCfg = Release|Any CPU
		{C5CB5821-CC3B-4440-9CB9-A571A5D7B872}.Release|Any CPU.Build.0 = Release|Any CPU
		{FCE8A301-EE20-42DB-82DD-47AB0B569BC9}.Debug|Any CPU.ActiveCfg = Debug|Any CPU
		{FCE8A301-EE20-42DB-82DD-47AB0B569BC9}.Debug|Any CPU.Build.0 = Debug|Any CPU
		{FCE8A301-EE20-42DB-82DD-47AB0B569BC9}.Release|Any CPU.ActiveCfg = Release|Any CPU
		{FCE8A301-EE20-42DB-82DD-47AB0B569BC9}.Release|Any CPU.Build.0 = Release|Any CPU
		{A3B8C12F-5DAC-4CEA-B039-C2CBD7A5C9AD}.Debug|Any CPU.ActiveCfg = Debug|Any CPU
		{A3B8C12F-5DAC-4CEA-B039-C2CBD7A5C9AD}.Debug|Any CPU.Build.0 = Debug|Any CPU
		{A3B8C12F-5DAC-4CEA-B039-C2CBD7A5C9AD}.Release|Any CPU.ActiveCfg = Release|Any CPU
		{A3B8C12F-5DAC-4CEA-B039-C2CBD7A5C9AD}.Release|Any CPU.Build.0 = Release|Any CPU
		{0D5AA731-03F0-4CF6-AEA3-254F06472911}.Debug|Any CPU.ActiveCfg = Debug|Any CPU
		{0D5AA731-03F0-4CF6-AEA3-254F06472911}.Debug|Any CPU.Build.0 = Debug|Any CPU
		{0D5AA731-03F0-4CF6-AEA3-254F06472911}.Release|Any CPU.ActiveCfg = Release|Any CPU
		{0D5AA731-03F0-4CF6-AEA3-254F06472911}.Release|Any CPU.Build.0 = Release|Any CPU
		{974FE8E8-7379-4DCC-9D4F-763D60F5E708}.Debug|Any CPU.ActiveCfg = Debug|Any CPU
		{974FE8E8-7379-4DCC-9D4F-763D60F5E708}.Debug|Any CPU.Build.0 = Debug|Any CPU
		{974FE8E8-7379-4DCC-9D4F-763D60F5E708}.Release|Any CPU.ActiveCfg = Release|Any CPU
		{974FE8E8-7379-4DCC-9D4F-763D60F5E708}.Release|Any CPU.Build.0 = Release|Any CPU
	EndGlobalSection
	GlobalSection(SolutionProperties) = preSolution
		HideSolutionNode = FALSE
	EndGlobalSection
EndGlobal
