
Microsoft Visual Studio Solution File, Format Version 12.00
# Visual Studio 15
VisualStudioVersion = 15.0.26124.0
MinimumVisualStudioVersion = 15.0.26124.0
Project("{FAE04EC0-301F-11D3-BF4B-00C04F79EFBC}") = "AdapterPattern", "AdapterPattern\AdapterPattern.csproj", "{79553F75-E8DC-4988-B511-A79CC6A9CDF7}"
EndProject
Project("{FAE04EC0-301F-11D3-BF4B-00C04F79EFBC}") = "CommandPattern", "CommandPattern\CommandPattern.csproj", "{AC6ED373-CE32-41E4-B38A-64B8700E46C9}"
EndProject
Project("{FAE04EC0-301F-11D3-BF4B-00C04F79EFBC}") = "CompositePattern", "CompositePattern\CompositePattern.csproj", "{21754CEF-8885-4EED-91AF-73FF2514553D}"
EndProject
Project("{FAE04EC0-301F-11D3-BF4B-00C04F79EFBC}") = "DecoratorPattern", "DecoratorPattern\DecoratorPattern.csproj", "{5F9D7DA1-FA5E-477C-87D7-2A131C99D090}"
EndProject
Project("{FAE04EC0-301F-11D3-BF4B-00C04F79EFBC}") = "FacadePattern", "FacadePattern\FacadePattern.csproj", "{CCDDFDE2-9958-476C-91DB-9F2907887ADE}"
EndProject
Project("{FAE04EC0-301F-11D3-BF4B-00C04F79EFBC}") = "IteratorPattern", "IteratorPattern\IteratorPattern.csproj", "{C50111DC-B037-4A4C-ACA1-5BDE93F7D42A}"
EndProject
Project("{FAE04EC0-301F-11D3-BF4B-00C04F79EFBC}") = "ObserverPattern", "ObserverPattern\ObserverPattern.csproj", "{DDE34459-B244-43F9-8DE2-8D1E70CB6609}"
EndProject
Project("{FAE04EC0-301F-11D3-BF4B-00C04F79EFBC}") = "SingletonPattern", "SingletonPattern\SingletonPattern.csproj", "{FA82E572-FC03-4C87-86FA-660AF06AA24A}"
EndProject
Project("{FAE04EC0-301F-11D3-BF4B-00C04F79EFBC}") = "StatePattern", "StatePattern\StatePattern.csproj", "{1C0A4103-B8E6-4AE1-88DA-B3EBC37B2441}"
EndProject
Project("{FAE04EC0-301F-11D3-BF4B-00C04F79EFBC}") = "StrategyPattern", "StrategyPattern\StrategyPattern.csproj", "{73D240B4-428D-4BC1-BC3C-C14D1D9D806E}"
EndProject
Project("{FAE04EC0-301F-11D3-BF4B-00C04F79EFBC}") = "TemplatePattern", "TemplatePattern\TemplatePattern.csproj", "{928CD7B2-BB6E-4E07-834E-67B20CA6D698}"
EndProject
Global
	GlobalSection(SolutionConfigurationPlatforms) = preSolution
		Debug|Any CPU = Debug|Any CPU
		Debug|x64 = Debug|x64
		Debug|x86 = Debug|x86
		Release|Any CPU = Release|Any CPU
		Release|x64 = Release|x64
		Release|x86 = Release|x86
	EndGlobalSection
	GlobalSection(SolutionProperties) = preSolution
		HideSolutionNode = FALSE
	EndGlobalSection
	GlobalSection(ProjectConfigurationPlatforms) = postSolution
		{79553F75-E8DC-4988-B511-A79CC6A9CDF7}.Debug|Any CPU.ActiveCfg = Debug|Any CPU
		{79553F75-E8DC-4988-B511-A79CC6A9CDF7}.Debug|Any CPU.Build.0 = Debug|Any CPU
		{79553F75-E8DC-4988-B511-A79CC6A9CDF7}.Debug|x64.ActiveCfg = Debug|x64
		{79553F75-E8DC-4988-B511-A79CC6A9CDF7}.Debug|x64.Build.0 = Debug|x64
		{79553F75-E8DC-4988-B511-A79CC6A9CDF7}.Debug|x86.ActiveCfg = Debug|x86
		{79553F75-E8DC-4988-B511-A79CC6A9CDF7}.Debug|x86.Build.0 = Debug|x86
		{79553F75-E8DC-4988-B511-A79CC6A9CDF7}.Release|Any CPU.ActiveCfg = Release|Any CPU
		{79553F75-E8DC-4988-B511-A79CC6A9CDF7}.Release|Any CPU.Build.0 = Release|Any CPU
		{79553F75-E8DC-4988-B511-A79CC6A9CDF7}.Release|x64.ActiveCfg = Release|x64
		{79553F75-E8DC-4988-B511-A79CC6A9CDF7}.Release|x64.Build.0 = Release|x64
		{79553F75-E8DC-4988-B511-A79CC6A9CDF7}.Release|x86.ActiveCfg = Release|x86
		{79553F75-E8DC-4988-B511-A79CC6A9CDF7}.Release|x86.Build.0 = Release|x86
		{AC6ED373-CE32-41E4-B38A-64B8700E46C9}.Debug|Any CPU.ActiveCfg = Debug|Any CPU
		{AC6ED373-CE32-41E4-B38A-64B8700E46C9}.Debug|Any CPU.Build.0 = Debug|Any CPU
		{AC6ED373-CE32-41E4-B38A-64B8700E46C9}.Debug|x64.ActiveCfg = Debug|x64
		{AC6ED373-CE32-41E4-B38A-64B8700E46C9}.Debug|x64.Build.0 = Debug|x64
		{AC6ED373-CE32-41E4-B38A-64B8700E46C9}.Debug|x86.ActiveCfg = Debug|x86
		{AC6ED373-CE32-41E4-B38A-64B8700E46C9}.Debug|x86.Build.0 = Debug|x86
		{AC6ED373-CE32-41E4-B38A-64B8700E46C9}.Release|Any CPU.ActiveCfg = Release|Any CPU
		{AC6ED373-CE32-41E4-B38A-64B8700E46C9}.Release|Any CPU.Build.0 = Release|Any CPU
		{AC6ED373-CE32-41E4-B38A-64B8700E46C9}.Release|x64.ActiveCfg = Release|x64
		{AC6ED373-CE32-41E4-B38A-64B8700E46C9}.Release|x64.Build.0 = Release|x64
		{AC6ED373-CE32-41E4-B38A-64B8700E46C9}.Release|x86.ActiveCfg = Release|x86
		{AC6ED373-CE32-41E4-B38A-64B8700E46C9}.Release|x86.Build.0 = Release|x86
		{21754CEF-8885-4EED-91AF-73FF2514553D}.Debug|Any CPU.ActiveCfg = Debug|Any CPU
		{21754CEF-8885-4EED-91AF-73FF2514553D}.Debug|Any CPU.Build.0 = Debug|Any CPU
		{21754CEF-8885-4EED-91AF-73FF2514553D}.Debug|x64.ActiveCfg = Debug|x64
		{21754CEF-8885-4EED-91AF-73FF2514553D}.Debug|x64.Build.0 = Debug|x64
		{21754CEF-8885-4EED-91AF-73FF2514553D}.Debug|x86.ActiveCfg = Debug|x86
		{21754CEF-8885-4EED-91AF-73FF2514553D}.Debug|x86.Build.0 = Debug|x86
		{21754CEF-8885-4EED-91AF-73FF2514553D}.Release|Any CPU.ActiveCfg = Release|Any CPU
		{21754CEF-8885-4EED-91AF-73FF2514553D}.Release|Any CPU.Build.0 = Release|Any CPU
		{21754CEF-8885-4EED-91AF-73FF2514553D}.Release|x64.ActiveCfg = Release|x64
		{21754CEF-8885-4EED-91AF-73FF2514553D}.Release|x64.Build.0 = Release|x64
		{21754CEF-8885-4EED-91AF-73FF2514553D}.Release|x86.ActiveCfg = Release|x86
		{21754CEF-8885-4EED-91AF-73FF2514553D}.Release|x86.Build.0 = Release|x86
		{5F9D7DA1-FA5E-477C-87D7-2A131C99D090}.Debug|Any CPU.ActiveCfg = Debug|Any CPU
		{5F9D7DA1-FA5E-477C-87D7-2A131C99D090}.Debug|Any CPU.Build.0 = Debug|Any CPU
		{5F9D7DA1-FA5E-477C-87D7-2A131C99D090}.Debug|x64.ActiveCfg = Debug|x64
		{5F9D7DA1-FA5E-477C-87D7-2A131C99D090}.Debug|x64.Build.0 = Debug|x64
		{5F9D7DA1-FA5E-477C-87D7-2A131C99D090}.Debug|x86.ActiveCfg = Debug|x86
		{5F9D7DA1-FA5E-477C-87D7-2A131C99D090}.Debug|x86.Build.0 = Debug|x86
		{5F9D7DA1-FA5E-477C-87D7-2A131C99D090}.Release|Any CPU.ActiveCfg = Release|Any CPU
		{5F9D7DA1-FA5E-477C-87D7-2A131C99D090}.Release|Any CPU.Build.0 = Release|Any CPU
		{5F9D7DA1-FA5E-477C-87D7-2A131C99D090}.Release|x64.ActiveCfg = Release|x64
		{5F9D7DA1-FA5E-477C-87D7-2A131C99D090}.Release|x64.Build.0 = Release|x64
		{5F9D7DA1-FA5E-477C-87D7-2A131C99D090}.Release|x86.ActiveCfg = Release|x86
		{5F9D7DA1-FA5E-477C-87D7-2A131C99D090}.Release|x86.Build.0 = Release|x86
		{CCDDFDE2-9958-476C-91DB-9F2907887ADE}.Debug|Any CPU.ActiveCfg = Debug|Any CPU
		{CCDDFDE2-9958-476C-91DB-9F2907887ADE}.Debug|Any CPU.Build.0 = Debug|Any CPU
		{CCDDFDE2-9958-476C-91DB-9F2907887ADE}.Debug|x64.ActiveCfg = Debug|x64
		{CCDDFDE2-9958-476C-91DB-9F2907887ADE}.Debug|x64.Build.0 = Debug|x64
		{CCDDFDE2-9958-476C-91DB-9F2907887ADE}.Debug|x86.ActiveCfg = Debug|x86
		{CCDDFDE2-9958-476C-91DB-9F2907887ADE}.Debug|x86.Build.0 = Debug|x86
		{CCDDFDE2-9958-476C-91DB-9F2907887ADE}.Release|Any CPU.ActiveCfg = Release|Any CPU
		{CCDDFDE2-9958-476C-91DB-9F2907887ADE}.Release|Any CPU.Build.0 = Release|Any CPU
		{CCDDFDE2-9958-476C-91DB-9F2907887ADE}.Release|x64.ActiveCfg = Release|x64
		{CCDDFDE2-9958-476C-91DB-9F2907887ADE}.Release|x64.Build.0 = Release|x64
		{CCDDFDE2-9958-476C-91DB-9F2907887ADE}.Release|x86.ActiveCfg = Release|x86
		{CCDDFDE2-9958-476C-91DB-9F2907887ADE}.Release|x86.Build.0 = Release|x86
		{C50111DC-B037-4A4C-ACA1-5BDE93F7D42A}.Debug|Any CPU.ActiveCfg = Debug|Any CPU
		{C50111DC-B037-4A4C-ACA1-5BDE93F7D42A}.Debug|Any CPU.Build.0 = Debug|Any CPU
		{C50111DC-B037-4A4C-ACA1-5BDE93F7D42A}.Debug|x64.ActiveCfg = Debug|x64
		{C50111DC-B037-4A4C-ACA1-5BDE93F7D42A}.Debug|x64.Build.0 = Debug|x64
		{C50111DC-B037-4A4C-ACA1-5BDE93F7D42A}.Debug|x86.ActiveCfg = Debug|x86
		{C50111DC-B037-4A4C-ACA1-5BDE93F7D42A}.Debug|x86.Build.0 = Debug|x86
		{C50111DC-B037-4A4C-ACA1-5BDE93F7D42A}.Release|Any CPU.ActiveCfg = Release|Any CPU
		{C50111DC-B037-4A4C-ACA1-5BDE93F7D42A}.Release|Any CPU.Build.0 = Release|Any CPU
		{C50111DC-B037-4A4C-ACA1-5BDE93F7D42A}.Release|x64.ActiveCfg = Release|x64
		{C50111DC-B037-4A4C-ACA1-5BDE93F7D42A}.Release|x64.Build.0 = Release|x64
		{C50111DC-B037-4A4C-ACA1-5BDE93F7D42A}.Release|x86.ActiveCfg = Release|x86
		{C50111DC-B037-4A4C-ACA1-5BDE93F7D42A}.Release|x86.Build.0 = Release|x86
		{DDE34459-B244-43F9-8DE2-8D1E70CB6609}.Debug|Any CPU.ActiveCfg = Debug|Any CPU
		{DDE34459-B244-43F9-8DE2-8D1E70CB6609}.Debug|Any CPU.Build.0 = Debug|Any CPU
		{DDE34459-B244-43F9-8DE2-8D1E70CB6609}.Debug|x64.ActiveCfg = Debug|x64
		{DDE34459-B244-43F9-8DE2-8D1E70CB6609}.Debug|x64.Build.0 = Debug|x64
		{DDE34459-B244-43F9-8DE2-8D1E70CB6609}.Debug|x86.ActiveCfg = Debug|x86
		{DDE34459-B244-43F9-8DE2-8D1E70CB6609}.Debug|x86.Build.0 = Debug|x86
		{DDE34459-B244-43F9-8DE2-8D1E70CB6609}.Release|Any CPU.ActiveCfg = Release|Any CPU
		{DDE34459-B244-43F9-8DE2-8D1E70CB6609}.Release|Any CPU.Build.0 = Release|Any CPU
		{DDE34459-B244-43F9-8DE2-8D1E70CB6609}.Release|x64.ActiveCfg = Release|x64
		{DDE34459-B244-43F9-8DE2-8D1E70CB6609}.Release|x64.Build.0 = Release|x64
		{DDE34459-B244-43F9-8DE2-8D1E70CB6609}.Release|x86.ActiveCfg = Release|x86
		{DDE34459-B244-43F9-8DE2-8D1E70CB6609}.Release|x86.Build.0 = Release|x86
		{FA82E572-FC03-4C87-86FA-660AF06AA24A}.Debug|Any CPU.ActiveCfg = Debug|Any CPU
		{FA82E572-FC03-4C87-86FA-660AF06AA24A}.Debug|Any CPU.Build.0 = Debug|Any CPU
		{FA82E572-FC03-4C87-86FA-660AF06AA24A}.Debug|x64.ActiveCfg = Debug|x64
		{FA82E572-FC03-4C87-86FA-660AF06AA24A}.Debug|x64.Build.0 = Debug|x64
		{FA82E572-FC03-4C87-86FA-660AF06AA24A}.Debug|x86.ActiveCfg = Debug|x86
		{FA82E572-FC03-4C87-86FA-660AF06AA24A}.Debug|x86.Build.0 = Debug|x86
		{FA82E572-FC03-4C87-86FA-660AF06AA24A}.Release|Any CPU.ActiveCfg = Release|Any CPU
		{FA82E572-FC03-4C87-86FA-660AF06AA24A}.Release|Any CPU.Build.0 = Release|Any CPU
		{FA82E572-FC03-4C87-86FA-660AF06AA24A}.Release|x64.ActiveCfg = Release|x64
		{FA82E572-FC03-4C87-86FA-660AF06AA24A}.Release|x64.Build.0 = Release|x64
		{FA82E572-FC03-4C87-86FA-660AF06AA24A}.Release|x86.ActiveCfg = Release|x86
		{FA82E572-FC03-4C87-86FA-660AF06AA24A}.Release|x86.Build.0 = Release|x86
		{1C0A4103-B8E6-4AE1-88DA-B3EBC37B2441}.Debug|Any CPU.ActiveCfg = Debug|Any CPU
		{1C0A4103-B8E6-4AE1-88DA-B3EBC37B2441}.Debug|Any CPU.Build.0 = Debug|Any CPU
		{1C0A4103-B8E6-4AE1-88DA-B3EBC37B2441}.Debug|x64.ActiveCfg = Debug|x64
		{1C0A4103-B8E6-4AE1-88DA-B3EBC37B2441}.Debug|x64.Build.0 = Debug|x64
		{1C0A4103-B8E6-4AE1-88DA-B3EBC37B2441}.Debug|x86.ActiveCfg = Debug|x86
		{1C0A4103-B8E6-4AE1-88DA-B3EBC37B2441}.Debug|x86.Build.0 = Debug|x86
		{1C0A4103-B8E6-4AE1-88DA-B3EBC37B2441}.Release|Any CPU.ActiveCfg = Release|Any CPU
		{1C0A4103-B8E6-4AE1-88DA-B3EBC37B2441}.Release|Any CPU.Build.0 = Release|Any CPU
		{1C0A4103-B8E6-4AE1-88DA-B3EBC37B2441}.Release|x64.ActiveCfg = Release|x64
		{1C0A4103-B8E6-4AE1-88DA-B3EBC37B2441}.Release|x64.Build.0 = Release|x64
		{1C0A4103-B8E6-4AE1-88DA-B3EBC37B2441}.Release|x86.ActiveCfg = Release|x86
		{1C0A4103-B8E6-4AE1-88DA-B3EBC37B2441}.Release|x86.Build.0 = Release|x86
		{73D240B4-428D-4BC1-BC3C-C14D1D9D806E}.Debug|Any CPU.ActiveCfg = Debug|Any CPU
		{73D240B4-428D-4BC1-BC3C-C14D1D9D806E}.Debug|Any CPU.Build.0 = Debug|Any CPU
		{73D240B4-428D-4BC1-BC3C-C14D1D9D806E}.Debug|x64.ActiveCfg = Debug|x64
		{73D240B4-428D-4BC1-BC3C-C14D1D9D806E}.Debug|x64.Build.0 = Debug|x64
		{73D240B4-428D-4BC1-BC3C-C14D1D9D806E}.Debug|x86.ActiveCfg = Debug|x86
		{73D240B4-428D-4BC1-BC3C-C14D1D9D806E}.Debug|x86.Build.0 = Debug|x86
		{73D240B4-428D-4BC1-BC3C-C14D1D9D806E}.Release|Any CPU.ActiveCfg = Release|Any CPU
		{73D240B4-428D-4BC1-BC3C-C14D1D9D806E}.Release|Any CPU.Build.0 = Release|Any CPU
		{73D240B4-428D-4BC1-BC3C-C14D1D9D806E}.Release|x64.ActiveCfg = Release|x64
		{73D240B4-428D-4BC1-BC3C-C14D1D9D806E}.Release|x64.Build.0 = Release|x64
		{73D240B4-428D-4BC1-BC3C-C14D1D9D806E}.Release|x86.ActiveCfg = Release|x86
		{73D240B4-428D-4BC1-BC3C-C14D1D9D806E}.Release|x86.Build.0 = Release|x86
		{928CD7B2-BB6E-4E07-834E-67B20CA6D698}.Debug|Any CPU.ActiveCfg = Debug|Any CPU
		{928CD7B2-BB6E-4E07-834E-67B20CA6D698}.Debug|Any CPU.Build.0 = Debug|Any CPU
		{928CD7B2-BB6E-4E07-834E-67B20CA6D698}.Debug|x64.ActiveCfg = Debug|x64
		{928CD7B2-BB6E-4E07-834E-67B20CA6D698}.Debug|x64.Build.0 = Debug|x64
		{928CD7B2-BB6E-4E07-834E-67B20CA6D698}.Debug|x86.ActiveCfg = Debug|x86
		{928CD7B2-BB6E-4E07-834E-67B20CA6D698}.Debug|x86.Build.0 = Debug|x86
		{928CD7B2-BB6E-4E07-834E-67B20CA6D698}.Release|Any CPU.ActiveCfg = Release|Any CPU
		{928CD7B2-BB6E-4E07-834E-67B20CA6D698}.Release|Any CPU.Build.0 = Release|Any CPU
		{928CD7B2-BB6E-4E07-834E-67B20CA6D698}.Release|x64.ActiveCfg = Release|x64
		{928CD7B2-BB6E-4E07-834E-67B20CA6D698}.Release|x64.Build.0 = Release|x64
		{928CD7B2-BB6E-4E07-834E-67B20CA6D698}.Release|x86.ActiveCfg = Release|x86
		{928CD7B2-BB6E-4E07-834E-67B20CA6D698}.Release|x86.Build.0 = Release|x86
	EndGlobalSection
EndGlobal
